
Microsoft Visual Studio Solution File, Format Version 12.00
# Visual Studio Version 16
VisualStudioVersion = 16.0.29613.14
MinimumVisualStudioVersion = 10.0.40219.1
Project("{FAE04EC0-301F-11D3-BF4B-00C04F79EFBC}") = "Sudoku", "Sudoku.csproj", "{F5037A78-FA83-4A73-8CA4-537F9FA09614}"
EndProject
Global
	GlobalSection(SolutionConfigurationPlatforms) = preSolution
		Debug|Any CPU = Debug|Any CPU
		Release|Any CPU = Release|Any CPU
	EndGlobalSection
	GlobalSection(ProjectConfigurationPlatforms) = postSolution
		{F5037A78-FA83-4A73-8CA4-537F9FA09614}.Debug|Any CPU.ActiveCfg = Debug|Any CPU
		{F5037A78-FA83-4A73-8CA4-537F9FA09614}.Debug|Any CPU.Build.0 = Debug|Any CPU
		{F5037A78-FA83-4A73-8CA4-537F9FA09614}.Release|Any CPU.ActiveCfg = Release|Any CPU
		{F5037A78-FA83-4A73-8CA4-537F9FA09614}.Release|Any CPU.Build.0 = Release|Any CPU
	EndGlobalSection
	GlobalSection(SolutionProperties) = preSolution
		HideSolutionNode = FALSE
	EndGlobalSection
	GlobalSection(ExtensibilityGlobals) = postSolution
		SolutionGuid = {767BFADE-E55B-4983-B08E-C6257E68A2A3}
	EndGlobalSection
EndGlobal
